
Microsoft Visual Studio Solution File, Format Version 12.00
# Visual Studio Version 16
VisualStudioVersion = 16.0.31702.278
MinimumVisualStudioVersion = 10.0.40219.1
Project("{FAE04EC0-301F-11D3-BF4B-00C04F79EFBC}") = "TipCalculator", "TipCalculator\TipCalculator.csproj", "{FCAF0B30-5E4E-4518-8017-6AB1717B2F23}"
EndProject
Global
	GlobalSection(SolutionConfigurationPlatforms) = preSolution
		Debug|Any CPU = Debug|Any CPU
		Release|Any CPU = Release|Any CPU
	EndGlobalSection
	GlobalSection(ProjectConfigurationPlatforms) = postSolution
		{FCAF0B30-5E4E-4518-8017-6AB1717B2F23}.Debug|Any CPU.ActiveCfg = Debug|Any CPU
		{FCAF0B30-5E4E-4518-8017-6AB1717B2F23}.Debug|Any CPU.Build.0 = Debug|Any CPU
		{FCAF0B30-5E4E-4518-8017-6AB1717B2F23}.Debug|Any CPU.Deploy.0 = Debug|Any CPU
		{FCAF0B30-5E4E-4518-8017-6AB1717B2F23}.Release|Any CPU.ActiveCfg = Release|Any CPU
		{FCAF0B30-5E4E-4518-8017-6AB1717B2F23}.Release|Any CPU.Build.0 = Release|Any CPU
		{FCAF0B30-5E4E-4518-8017-6AB1717B2F23}.Release|Any CPU.Deploy.0 = Release|Any CPU
	EndGlobalSection
	GlobalSection(SolutionProperties) = preSolution
		HideSolutionNode = FALSE
	EndGlobalSection
	GlobalSection(ExtensibilityGlobals) = postSolution
		SolutionGuid = {8BDA025F-601F-4D5B-96FD-A877360321CA}
	EndGlobalSection
EndGlobal
